
Microsoft Visual Studio Solution File, Format Version 12.00
# Visual Studio Version 16
VisualStudioVersion = 16.0.30413.136
MinimumVisualStudioVersion = 10.0.40219.1
Project("{FAE04EC0-301F-11D3-BF4B-00C04F79EFBC}") = "Carting", "Carting\Carting.csproj", "{D69B00E8-4C49-41D9-95FD-7C50FFA89723}"
EndProject
Global
	GlobalSection(SolutionConfigurationPlatforms) = preSolution
		Debug|Any CPU = Debug|Any CPU
		Release|Any CPU = Release|Any CPU
	EndGlobalSection
	GlobalSection(ProjectConfigurationPlatforms) = postSolution
		{D69B00E8-4C49-41D9-95FD-7C50FFA89723}.Debug|Any CPU.ActiveCfg = Debug|Any CPU
		{D69B00E8-4C49-41D9-95FD-7C50FFA89723}.Debug|Any CPU.Build.0 = Debug|Any CPU
		{D69B00E8-4C49-41D9-95FD-7C50FFA89723}.Release|Any CPU.ActiveCfg = Release|Any CPU
		{D69B00E8-4C49-41D9-95FD-7C50FFA89723}.Release|Any CPU.Build.0 = Release|Any CPU
	EndGlobalSection
	GlobalSection(SolutionProperties) = preSolution
		HideSolutionNode = FALSE
	EndGlobalSection
	GlobalSection(ExtensibilityGlobals) = postSolution
		SolutionGuid = {980B4C15-7494-4266-B9B7-4FE2AEC27402}
	EndGlobalSection
EndGlobal
